
Microsoft Visual Studio Solution File, Format Version 12.00
# Visual Studio Version 17
VisualStudioVersion = 17.14.36623.8 d17.14
MinimumVisualStudioVersion = 10.0.40219.1
Project("{FAE04EC0-301F-11D3-BF4B-00C04F79EFBC}") = "Vacation", "Vacation.csproj", "{1FBBC7E9-9726-4DCB-B194-C6F1204130A5}"
EndProject
Global
	GlobalSection(SolutionConfigurationPlatforms) = preSolution
		Debug|Any CPU = Debug|Any CPU
		Release|Any CPU = Release|Any CPU
	EndGlobalSection
	GlobalSection(ProjectConfigurationPlatforms) = postSolution
		{1FBBC7E9-9726-4DCB-B194-C6F1204130A5}.Debug|Any CPU.ActiveCfg = Debug|Any CPU
		{1FBBC7E9-9726-4DCB-B194-C6F1204130A5}.Debug|Any CPU.Build.0 = Debug|Any CPU
		{1FBBC7E9-9726-4DCB-B194-C6F1204130A5}.Release|Any CPU.ActiveCfg = Release|Any CPU
		{1FBBC7E9-9726-4DCB-B194-C6F1204130A5}.Release|Any CPU.Build.0 = Release|Any CPU
	EndGlobalSection
	GlobalSection(SolutionProperties) = preSolution
		HideSolutionNode = FALSE
	EndGlobalSection
	GlobalSection(ExtensibilityGlobals) = postSolution
		SolutionGuid = {A284661D-D1F7-413F-B11A-898BDF6DDA5A}
	EndGlobalSection
EndGlobal
